{
  "name": "pass-manager",
  "version": "0.1.0",
  "lockfileVersion": 3,
  "requires": true,
  "packages": {
    "": {
      "name": "pass-manager",
      "version": "0.1.0",
      "devDependencies": {
        "@tauri-apps/cli": "^2"
      }
    },
    "node_modules/@tauri-apps/cli": {
      "version": "2.2.1",
      "resolved": "https://registry.npmjs.org/@tauri-apps/cli/-/cli-2.2.1.tgz",
      "integrity": "sha512-oLWX/2tW0v8cBaShI9/bt5RsquCLK7ZCwhPXXnf55oil8/GrNtLzW9/67iyydcnxiYYU5jYMpo3uXptknOSdpA==",
      "dev": true,
      "bin": {
        "tauri": "tauri.js"
      },
      "engines": {
        "node": ">= 10"
      },
      "funding": {
        "type": "opencollective",
        "url": "https://opencollective.com/tauri"
      },
      "optionalDependencies": {
        "@tauri-apps/cli-darwin-arm64": "2.2.1",
        "@tauri-apps/cli-darwin-x64": "2.2.1",
        "@tauri-apps/cli-linux-arm-gnueabihf": "2.2.1",
        "@tauri-apps/cli-linux-arm64-gnu": "2.2.1",
        "@tauri-apps/cli-linux-arm64-musl": "2.2.1",
        "@tauri-apps/cli-linux-x64-gnu": "2.2.1",
        "@tauri-apps/cli-linux-x64-musl": "2.2.1",
        "@tauri-apps/cli-win32-arm64-msvc": "2.2.1",
        "@tauri-apps/cli-win32-ia32-msvc": "2.2.1",
        "@tauri-apps/cli-win32-x64-msvc": "2.2.1"
      }
    },
    "node_modules/@tauri-apps/cli-darwin-arm64": {
      "version": "2.2.1",
      "resolved": "https://registry.npmjs.org/@tauri-apps/cli-darwin-arm64/-/cli-darwin-arm64-2.2.1.tgz",
      "integrity": "sha512-658OPWObcEA7x/Pe/fAXfyJtC5SdcpD2Q9ZSVKoLBovPzfU6Ug2mCaQmH1L5iA7Zb7a26ctzkaz3Sh3dMeGcJw==",
      "cpu": [
        "arm64"
      ],
      "dev": true,
      "optional": true,
      "os": [
        "darwin"
      ],
      "engines": {
        "node": ">= 10"
      }
    },
    "node_modules/@tauri-apps/cli-darwin-x64": {
      "version": "2.2.1",
      "resolved": "https://registry.npmjs.org/@tauri-apps/cli-darwin-x64/-/cli-darwin-x64-2.2.1.tgz",
      "integrity": "sha512-3g11km4caJa6StvETI5GIynniNC/e9AWpUy+lWQRfQBdelRrEGoEDw949SihxqKHAoP2E9cm7z5DUsiRiT/Yaw==",
      "cpu": [
        "x64"
      ],
      "dev": true,
      "optional": true,
      "os": [
        "darwin"
      ],
      "engines": {
        "node": ">= 10"
      }
    },
    "node_modules/@tauri-apps/cli-linux-arm-gnueabihf": {
      "version": "2.2.1",
      "resolved": "https://registry.npmjs.org/@tauri-apps/cli-linux-arm-gnueabihf/-/cli-linux-arm-gnueabihf-2.2.1.tgz",
      "integrity": "sha512-Ldbw3Y56TAfpsGRuWJnkdl0TV0NHhtP3bGyjh2lJACofkHMCOtsLHOx4/HP2hFnn7DcSLWHUayyPlj2rAikKkA==",
      "cpu": [
        "arm"
      ],
      "dev": true,
      "optional": true,
      "os": [
        "linux"
      ],
      "engines": {
        "node": ">= 10"
      }
    },
    "node_modules/@tauri-apps/cli-linux-arm64-gnu": {
      "version": "2.2.1",
      "resolved": "https://registry.npmjs.org/@tauri-apps/cli-linux-arm64-gnu/-/cli-linux-arm64-gnu-2.2.1.tgz",
      "integrity": "sha512-ay3NwilDR95RyvK/AIdivuULcbpGgrUISNLDOfTKEvKMMnRWkMV4gzY3hifQ8H7CDonGhqMl2PjP+WvDQpXUig==",
      "cpu": [
        "arm64"
      ],
      "dev": true,
      "optional": true,
      "os": [
        "linux"
      ],
      "engines": {
        "node": ">= 10"
      }
    },
    "node_modules/@tauri-apps/cli-linux-arm64-musl": {
      "version": "2.2.1",
      "resolved": "https://registry.npmjs.org/@tauri-apps/cli-linux-arm64-musl/-/cli-linux-arm64-musl-2.2.1.tgz",
      "integrity": "sha512-d2zK4Qb9DZlNjNB8Fda0yxOlg6sk6GZGhO5dVnie5VYJMt4lDct2LZljg4boUb5t1pk6sfAPB9356G7R8l4qCQ==",
      "cpu": [
        "arm64"
      ],
      "dev": true,
      "optional": true,
      "os": [
        "linux"
      ],
      "engines": {
        "node": ">= 10"
      }
    },
    "node_modules/@tauri-apps/cli-linux-x64-gnu": {
      "version": "2.2.1",
      "resolved": "https://registry.npmjs.org/@tauri-apps/cli-linux-x64-gnu/-/cli-linux-x64-gnu-2.2.1.tgz",
      "integrity": "sha512-P0Zm3nmRbBS/KIxSrzul2ieZEwtTdU4bjsB9pOIk+oPF15HXnrLLbVBeMofNjXOWsIxTJw2tIt/XPD8Jt9jSEg==",
      "cpu": [
        "x64"
      ],
      "dev": true,
      "optional": true,
      "os": [
        "linux"
      ],
      "engines": {
        "node": ">= 10"
      }
    },
    "node_modules/@tauri-apps/cli-linux-x64-musl": {
      "version": "2.2.1",
      "resolved": "https://registry.npmjs.org/@tauri-apps/cli-linux-x64-musl/-/cli-linux-x64-musl-2.2.1.tgz",
      "integrity": "sha512-AwYuKTpPGdR0BJMDdJsjGm8vfVDBpXYRDJ+1B/FlIMTikAx4A/wSODxphjf6Ls9uOC5F3To0XlfqskBkTq0WKw==",
      "cpu": [
        "x64"
      ],
      "dev": true,
      "optional": true,
      "os": [
        "linux"
      ],
      "engines": {
        "node": ">= 10"
      }
    },
    "node_modules/@tauri-apps/cli-win32-arm64-msvc": {
      "version": "2.2.1",
      "resolved": "https://registry.npmjs.org/@tauri-apps/cli-win32-arm64-msvc/-/cli-win32-arm64-msvc-2.2.1.tgz",
      "integrity": "sha512-t1Pv+Og5O+Cp0uYHFzSWEl+hssr1bKJjgWg05ElTpwYMb4xKA5bh1BTGN5orGqKs0e2+D+EPsOqVfM8KuUWR4Q==",
      "cpu": [
        "arm64"
      ],
      "dev": true,
      "optional": true,
      "os": [
        "win32"
      ],
      "engines": {
        "node": ">= 10"
      }
    },
    "node_modules/@tauri-apps/cli-win32-ia32-msvc": {
      "version": "2.2.1",
      "resolved": "https://registry.npmjs.org/@tauri-apps/cli-win32-ia32-msvc/-/cli-win32-ia32-msvc-2.2.1.tgz",
      "integrity": "sha512-erY+Spho6hBJgNzHKbA3JFxMztlHAikCiF/OYhk9fy6MbU5KpYHPrAC+Jhj2tcDy/xevWw/6KVNvLmk9PhLcXQ==",
      "cpu": [
        "ia32"
      ],
      "dev": true,
      "optional": true,
      "os": [
        "win32"
      ],
      "engines": {
        "node": ">= 10"
      }
    },
    "node_modules/@tauri-apps/cli-win32-x64-msvc": {
      "version": "2.2.1",
      "resolved": "https://registry.npmjs.org/@tauri-apps/cli-win32-x64-msvc/-/cli-win32-x64-msvc-2.2.1.tgz",
      "integrity": "sha512-GIdUtdje1CvCn0/Sh3VwPWaFKmD1C0edJUMueGwkRFHmF6HfatXPVhW5FySP+EEO2+rVym1qJkODstJrunraWA==",
      "cpu": [
        "x64"
      ],
      "dev": true,
      "optional": true,
      "os": [
        "win32"
      ],
      "engines": {
        "node": ">= 10"
      }
    }
  }
}
